
Microsoft Visual Studio Solution File, Format Version 12.00
# Visual Studio Version 16
VisualStudioVersion = 16.0.30204.135
MinimumVisualStudioVersion = 10.0.40219.1
Project("{FAE04EC0-301F-11D3-BF4B-00C04F79EFBC}") = "DogGo", "DogGo\DogGo.csproj", "{CDE1FBB6-A88A-4640-9AF1-201FF35F9EFD}"
EndProject
Global
	GlobalSection(SolutionConfigurationPlatforms) = preSolution
		Debug|Any CPU = Debug|Any CPU
		Release|Any CPU = Release|Any CPU
	EndGlobalSection
	GlobalSection(ProjectConfigurationPlatforms) = postSolution
		{CDE1FBB6-A88A-4640-9AF1-201FF35F9EFD}.Debug|Any CPU.ActiveCfg = Debug|Any CPU
		{CDE1FBB6-A88A-4640-9AF1-201FF35F9EFD}.Debug|Any CPU.Build.0 = Debug|Any CPU
		{CDE1FBB6-A88A-4640-9AF1-201FF35F9EFD}.Release|Any CPU.ActiveCfg = Release|Any CPU
		{CDE1FBB6-A88A-4640-9AF1-201FF35F9EFD}.Release|Any CPU.Build.0 = Release|Any CPU
	EndGlobalSection
	GlobalSection(SolutionProperties) = preSolution
		HideSolutionNode = FALSE
	EndGlobalSection
	GlobalSection(ExtensibilityGlobals) = postSolution
		SolutionGuid = {5CC8D7E9-92E0-4063-806F-B4FAAFB9B7CC}
	EndGlobalSection
EndGlobal
